
Microsoft Visual Studio Solution File, Format Version 12.00
Project("{2150E333-8FDC-42A3-9474-1A3956D46DE8}") = "user-service", "user-service", "{5A4223FD-1DE2-4557-97B1-71BF0124D72B}"
EndProject
Project("{FAE04EC0-301F-11D3-BF4B-00C04F79EFBC}") = "MLE.User.API", "src\MLE.User.API\MLE.User.API.csproj", "{5FAE9F33-77E5-4597-9ADC-F69FD923A9C8}"
EndProject
Project("{FAE04EC0-301F-11D3-BF4B-00C04F79EFBC}") = "MLE.User.Application", "src\MLE.User.Application\MLE.User.Application.csproj", "{B0BD03B7-EEA2-4351-996F-5C891407D65E}"
EndProject
Project("{FAE04EC0-301F-11D3-BF4B-00C04F79EFBC}") = "MLE.User.Domain", "src\MLE.User.Domain\MLE.User.Domain.csproj", "{D978678B-245F-408A-85F3-612C3A267385}"
EndProject
Project("{FAE04EC0-301F-11D3-BF4B-00C04F79EFBC}") = "MLE.User.Persistence", "src\MLE.User.Persistence\MLE.User.Persistence.csproj", "{55F222CC-AF95-485E-AA7D-CD89278489CD}"
EndProject
Project("{2150E333-8FDC-42A3-9474-1A3956D46DE8}") = "product-service", "product-service", "{72ED6E7D-D313-427C-90CD-BF44CA568917}"
EndProject
Project("{FAE04EC0-301F-11D3-BF4B-00C04F79EFBC}") = "MLE.Product.API", "src\MLE.Product.API\MLE.Product.API.csproj", "{312483E3-A5B0-47A5-B1D9-2B29ECE81025}"
EndProject
Project("{FAE04EC0-301F-11D3-BF4B-00C04F79EFBC}") = "MLE.Product.Application", "src\MLE.Product.Application\MLE.Product.Application.csproj", "{9537E231-245D-43FE-9D91-8FA54F75372A}"
EndProject
Project("{FAE04EC0-301F-11D3-BF4B-00C04F79EFBC}") = "MLE.Product.Domain", "src\MLE.Product.Domain\MLE.Product.Domain.csproj", "{E5FF87EF-729E-4527-8700-13E05F7B0513}"
EndProject
Project("{FAE04EC0-301F-11D3-BF4B-00C04F79EFBC}") = "MLE.Product.Persistence", "src\MLE.Product.Persistence\MLE.Product.Persistence.csproj", "{5693A9E9-786D-48AB-9CF3-F30827BDF901}"
EndProject
Project("{2150E333-8FDC-42A3-9474-1A3956D46DE8}") = "order-service", "order-service", "{59349238-ECC9-4345-AC68-E10A24DEA385}"
EndProject
Project("{FAE04EC0-301F-11D3-BF4B-00C04F79EFBC}") = "MLE.Order.API", "src\MLE.Order.API\MLE.Order.API.csproj", "{0D2308C1-9B24-4E92-9A39-E003B15CE906}"
EndProject
Project("{FAE04EC0-301F-11D3-BF4B-00C04F79EFBC}") = "MLE.Order.Application", "src\MLE.Order.Application\MLE.Order.Application.csproj", "{6FE20699-1E3A-4511-B226-2A4D358267AC}"
EndProject
Project("{FAE04EC0-301F-11D3-BF4B-00C04F79EFBC}") = "MLE.Order.Persistence", "src\MLE.Order.Persistence\MLE.Order.Persistence.csproj", "{1B27CAAF-6A5A-42A6-B9C8-E4816A9E6FC3}"
EndProject
Project("{FAE04EC0-301F-11D3-BF4B-00C04F79EFBC}") = "MLE.Order.Domain", "src\MLE.Order.Domain\MLE.Order.Domain.csproj", "{3F988FD4-928B-449F-911A-9B04CECA3AF0}"
EndProject
Project("{2150E333-8FDC-42A3-9474-1A3956D46DE8}") = "integration-handler", "integration-handler", "{12817638-3562-43BD-BEAB-3A78DE32B3CE}"
EndProject
Project("{FAE04EC0-301F-11D3-BF4B-00C04F79EFBC}") = "MLE.IntegrationHandler", "src\MLE.IntegrationHandler\MLE.IntegrationHandler.csproj", "{1CA29AC9-E598-47D5-BD50-964402BF95BE}"
EndProject
Project("{2150E333-8FDC-42A3-9474-1A3956D46DE8}") = "notification-service", "notification-service", "{BA817335-609E-49DA-9C12-CF7960811274}"
EndProject
Project("{FAE04EC0-301F-11D3-BF4B-00C04F79EFBC}") = "NotificationService", "src\NotificationService\NotificationService.csproj", "{C8BB3478-2AF5-4084-9B49-07D447300721}"
EndProject
Global
	GlobalSection(SolutionConfigurationPlatforms) = preSolution
		Debug|Any CPU = Debug|Any CPU
		Release|Any CPU = Release|Any CPU
	EndGlobalSection
	GlobalSection(NestedProjects) = preSolution
		{5FAE9F33-77E5-4597-9ADC-F69FD923A9C8} = {5A4223FD-1DE2-4557-97B1-71BF0124D72B}
		{B0BD03B7-EEA2-4351-996F-5C891407D65E} = {5A4223FD-1DE2-4557-97B1-71BF0124D72B}
		{D978678B-245F-408A-85F3-612C3A267385} = {5A4223FD-1DE2-4557-97B1-71BF0124D72B}
		{55F222CC-AF95-485E-AA7D-CD89278489CD} = {5A4223FD-1DE2-4557-97B1-71BF0124D72B}
		{312483E3-A5B0-47A5-B1D9-2B29ECE81025} = {72ED6E7D-D313-427C-90CD-BF44CA568917}
		{9537E231-245D-43FE-9D91-8FA54F75372A} = {72ED6E7D-D313-427C-90CD-BF44CA568917}
		{E5FF87EF-729E-4527-8700-13E05F7B0513} = {72ED6E7D-D313-427C-90CD-BF44CA568917}
		{5693A9E9-786D-48AB-9CF3-F30827BDF901} = {72ED6E7D-D313-427C-90CD-BF44CA568917}
		{0D2308C1-9B24-4E92-9A39-E003B15CE906} = {59349238-ECC9-4345-AC68-E10A24DEA385}
		{6FE20699-1E3A-4511-B226-2A4D358267AC} = {59349238-ECC9-4345-AC68-E10A24DEA385}
		{1B27CAAF-6A5A-42A6-B9C8-E4816A9E6FC3} = {59349238-ECC9-4345-AC68-E10A24DEA385}
		{3F988FD4-928B-449F-911A-9B04CECA3AF0} = {59349238-ECC9-4345-AC68-E10A24DEA385}
		{1CA29AC9-E598-47D5-BD50-964402BF95BE} = {12817638-3562-43BD-BEAB-3A78DE32B3CE}
		{C8BB3478-2AF5-4084-9B49-07D447300721} = {BA817335-609E-49DA-9C12-CF7960811274}
	EndGlobalSection
	GlobalSection(ProjectConfigurationPlatforms) = postSolution
		{5FAE9F33-77E5-4597-9ADC-F69FD923A9C8}.Debug|Any CPU.ActiveCfg = Debug|Any CPU
		{5FAE9F33-77E5-4597-9ADC-F69FD923A9C8}.Debug|Any CPU.Build.0 = Debug|Any CPU
		{5FAE9F33-77E5-4597-9ADC-F69FD923A9C8}.Release|Any CPU.ActiveCfg = Release|Any CPU
		{5FAE9F33-77E5-4597-9ADC-F69FD923A9C8}.Release|Any CPU.Build.0 = Release|Any CPU
		{B0BD03B7-EEA2-4351-996F-5C891407D65E}.Debug|Any CPU.ActiveCfg = Debug|Any CPU
		{B0BD03B7-EEA2-4351-996F-5C891407D65E}.Debug|Any CPU.Build.0 = Debug|Any CPU
		{B0BD03B7-EEA2-4351-996F-5C891407D65E}.Release|Any CPU.ActiveCfg = Release|Any CPU
		{B0BD03B7-EEA2-4351-996F-5C891407D65E}.Release|Any CPU.Build.0 = Release|Any CPU
		{D978678B-245F-408A-85F3-612C3A267385}.Debug|Any CPU.ActiveCfg = Debug|Any CPU
		{D978678B-245F-408A-85F3-612C3A267385}.Debug|Any CPU.Build.0 = Debug|Any CPU
		{D978678B-245F-408A-85F3-612C3A267385}.Release|Any CPU.ActiveCfg = Release|Any CPU
		{D978678B-245F-408A-85F3-612C3A267385}.Release|Any CPU.Build.0 = Release|Any CPU
		{55F222CC-AF95-485E-AA7D-CD89278489CD}.Debug|Any CPU.ActiveCfg = Debug|Any CPU
		{55F222CC-AF95-485E-AA7D-CD89278489CD}.Debug|Any CPU.Build.0 = Debug|Any CPU
		{55F222CC-AF95-485E-AA7D-CD89278489CD}.Release|Any CPU.ActiveCfg = Release|Any CPU
		{55F222CC-AF95-485E-AA7D-CD89278489CD}.Release|Any CPU.Build.0 = Release|Any CPU
		{312483E3-A5B0-47A5-B1D9-2B29ECE81025}.Debug|Any CPU.ActiveCfg = Debug|Any CPU
		{312483E3-A5B0-47A5-B1D9-2B29ECE81025}.Debug|Any CPU.Build.0 = Debug|Any CPU
		{312483E3-A5B0-47A5-B1D9-2B29ECE81025}.Release|Any CPU.ActiveCfg = Release|Any CPU
		{312483E3-A5B0-47A5-B1D9-2B29ECE81025}.Release|Any CPU.Build.0 = Release|Any CPU
		{9537E231-245D-43FE-9D91-8FA54F75372A}.Debug|Any CPU.ActiveCfg = Debug|Any CPU
		{9537E231-245D-43FE-9D91-8FA54F75372A}.Debug|Any CPU.Build.0 = Debug|Any CPU
		{9537E231-245D-43FE-9D91-8FA54F75372A}.Release|Any CPU.ActiveCfg = Release|Any CPU
		{9537E231-245D-43FE-9D91-8FA54F75372A}.Release|Any CPU.Build.0 = Release|Any CPU
		{E5FF87EF-729E-4527-8700-13E05F7B0513}.Debug|Any CPU.ActiveCfg = Debug|Any CPU
		{E5FF87EF-729E-4527-8700-13E05F7B0513}.Debug|Any CPU.Build.0 = Debug|Any CPU
		{E5FF87EF-729E-4527-8700-13E05F7B0513}.Release|Any CPU.ActiveCfg = Release|Any CPU
		{E5FF87EF-729E-4527-8700-13E05F7B0513}.Release|Any CPU.Build.0 = Release|Any CPU
		{5693A9E9-786D-48AB-9CF3-F30827BDF901}.Debug|Any CPU.ActiveCfg = Debug|Any CPU
		{5693A9E9-786D-48AB-9CF3-F30827BDF901}.Debug|Any CPU.Build.0 = Debug|Any CPU
		{5693A9E9-786D-48AB-9CF3-F30827BDF901}.Release|Any CPU.ActiveCfg = Release|Any CPU
		{5693A9E9-786D-48AB-9CF3-F30827BDF901}.Release|Any CPU.Build.0 = Release|Any CPU
		{0D2308C1-9B24-4E92-9A39-E003B15CE906}.Debug|Any CPU.ActiveCfg = Debug|Any CPU
		{0D2308C1-9B24-4E92-9A39-E003B15CE906}.Debug|Any CPU.Build.0 = Debug|Any CPU
		{0D2308C1-9B24-4E92-9A39-E003B15CE906}.Release|Any CPU.ActiveCfg = Release|Any CPU
		{0D2308C1-9B24-4E92-9A39-E003B15CE906}.Release|Any CPU.Build.0 = Release|Any CPU
		{6FE20699-1E3A-4511-B226-2A4D358267AC}.Debug|Any CPU.ActiveCfg = Debug|Any CPU
		{6FE20699-1E3A-4511-B226-2A4D358267AC}.Debug|Any CPU.Build.0 = Debug|Any CPU
		{6FE20699-1E3A-4511-B226-2A4D358267AC}.Release|Any CPU.ActiveCfg = Release|Any CPU
		{6FE20699-1E3A-4511-B226-2A4D358267AC}.Release|Any CPU.Build.0 = Release|Any CPU
		{1B27CAAF-6A5A-42A6-B9C8-E4816A9E6FC3}.Debug|Any CPU.ActiveCfg = Debug|Any CPU
		{1B27CAAF-6A5A-42A6-B9C8-E4816A9E6FC3}.Debug|Any CPU.Build.0 = Debug|Any CPU
		{1B27CAAF-6A5A-42A6-B9C8-E4816A9E6FC3}.Release|Any CPU.ActiveCfg = Release|Any CPU
		{1B27CAAF-6A5A-42A6-B9C8-E4816A9E6FC3}.Release|Any CPU.Build.0 = Release|Any CPU
		{3F988FD4-928B-449F-911A-9B04CECA3AF0}.Debug|Any CPU.ActiveCfg = Debug|Any CPU
		{3F988FD4-928B-449F-911A-9B04CECA3AF0}.Debug|Any CPU.Build.0 = Debug|Any CPU
		{3F988FD4-928B-449F-911A-9B04CECA3AF0}.Release|Any CPU.ActiveCfg = Release|Any CPU
		{3F988FD4-928B-449F-911A-9B04CECA3AF0}.Release|Any CPU.Build.0 = Release|Any CPU
		{1CA29AC9-E598-47D5-BD50-964402BF95BE}.Debug|Any CPU.ActiveCfg = Debug|Any CPU
		{1CA29AC9-E598-47D5-BD50-964402BF95BE}.Debug|Any CPU.Build.0 = Debug|Any CPU
		{1CA29AC9-E598-47D5-BD50-964402BF95BE}.Release|Any CPU.ActiveCfg = Release|Any CPU
		{1CA29AC9-E598-47D5-BD50-964402BF95BE}.Release|Any CPU.Build.0 = Release|Any CPU
		{C8BB3478-2AF5-4084-9B49-07D447300721}.Debug|Any CPU.ActiveCfg = Debug|Any CPU
		{C8BB3478-2AF5-4084-9B49-07D447300721}.Debug|Any CPU.Build.0 = Debug|Any CPU
		{C8BB3478-2AF5-4084-9B49-07D447300721}.Release|Any CPU.ActiveCfg = Release|Any CPU
		{C8BB3478-2AF5-4084-9B49-07D447300721}.Release|Any CPU.Build.0 = Release|Any CPU
	EndGlobalSection
EndGlobal
